// !$*UTF8*$!
{
	archiveVersion = 1;
	classes = {
	};
	objectVersion = 50;
	objects = {

/* Begin PBXBuildFile section */
		59871DD4206DD51C00E91E1A /* AppDelegate.swift in Sources */ = {isa = PBXBuildFile; fileRef = 59871DD3206DD51C00E91E1A /* AppDelegate.swift */; };
		59871DD9206DD51C00E91E1A /* Main.storyboard in Resources */ = {isa = PBXBuildFile; fileRef = 59871DD7206DD51C00E91E1A /* Main.storyboard */; };
		59871DDB206DD51C00E91E1A /* Assets.xcassets in Resources */ = {isa = PBXBuildFile; fileRef = 59871DDA206DD51C00E91E1A /* Assets.xcassets */; };
		59871DDE206DD51C00E91E1A /* LaunchScreen.storyboard in Resources */ = {isa = PBXBuildFile; fileRef = 59871DDC206DD51C00E91E1A /* LaunchScreen.storyboard */; };
		59871DE9206DD51C00E91E1A /* FlashCardProTests.swift in Sources */ = {isa = PBXBuildFile; fileRef = 59871DE8206DD51C00E91E1A /* FlashCardProTests.swift */; };
/* End PBXBuildFile section */

/* Begin PBXContainerItemProxy section */
		59871DE5206DD51C00E91E1A /* PBXContainerItemProxy */ = {
			isa = PBXContainerItemProxy;
			containerPortal = 59871DC8206DD51C00E91E1A /* Project object */;
			proxyType = 1;
			remoteGlobalIDString = 59871DCF206DD51C00E91E1A;
			remoteInfo = FlashCardPro;
		};
/* End PBXContainerItemProxy section */

/* Begin PBXFileReference section */
		59871DD0206DD51C00E91E1A /* FlashCardPro.app */ = {isa = PBXFileReference; explicitFileType = wrapper.application; includeInIndex = 0; path = FlashCardPro.app; sourceTree = BUILT_PRODUCTS_DIR; };
		59871DD3206DD51C00E91E1A /* AppDelegate.swift */ = {isa = PBXFileReference; lastKnownFileType = sourcecode.swift; path = AppDelegate.swift; sourceTree = "<group>"; };
		59871DD8206DD51C00E91E1A /* Base */ = {isa = PBXFileReference; lastKnownFileType = file.storyboard; name = Base; path = Base.lproj/Main.storyboard; sourceTree = "<group>"; };
		59871DDA206DD51C00E91E1A /* Assets.xcassets */ = {isa = PBXFileReference; lastKnownFileType = folder.assetcatalog; path = Assets.xcassets; sourceTree = "<group>"; };
		59871DDD206DD51C00E91E1A /* Base */ = {isa = PBXFileReference; lastKnownFileType = file.storyboard; name = Base; path = Base.lproj/LaunchScreen.storyboard; sourceTree = "<group>"; };
		59871DDF206DD51C00E91E1A /* Info.plist */ = {isa = PBXFileReference; lastKnownFileType = text.plist.xml; path = Info.plist; sourceTree = "<group>"; };
		59871DE4206DD51C00E91E1A /* FlashCardProTests.xctest */ = {isa = PBXFileReference; explicitFileType = wrapper.cfbundle; includeInIndex = 0; path = FlashCardProTests.xctest; sourceTree = BUILT_PRODUCTS_DIR; };
		59871DE8206DD51C00E91E1A /* FlashCardProTests.swift */ = {isa = PBXFileReference; lastKnownFileType = sourcecode.swift; path = FlashCardProTests.swift; sourceTree = "<group>"; };
		59871DEA206DD51C00E91E1A /* Info.plist */ = {isa = PBXFileReference; lastKnownFileType = text.plist.xml; path = Info.plist; sourceTree = "<group>"; };
/* End PBXFileReference section */

/* Begin PBXFrameworksBuildPhase section */
		59871DCD206DD51C00E91E1A /* Frameworks */ = {
			isa = PBXFrameworksBuildPhase;
			buildActionMask = 2147483647;
			files = (
			);
			runOnlyForDeploymentPostprocessing = 0;
		};
		59871DE1206DD51C00E91E1A /* Frameworks */ = {
			isa = PBXFrameworksBuildPhase;
			buildActionMask = 2147483647;
			files = (
			);
			runOnlyForDeploymentPostprocessing = 0;
		};
/* End PBXFrameworksBuildPhase section */

/* Begin PBXGroup section */
		59871DC7206DD51C00E91E1A = {
			isa = PBXGroup;
			children = (
				59871DD2206DD51C00E91E1A /* FlashCardPro */,
				59871DE7206DD51C00E91E1A /* FlashCardProTests */,
				59871DD1206DD51C00E91E1A /* Products */,
			);
			sourceTree = "<group>";
		};
		59871DD1206DD51C00E91E1A /* Products */ = {
			isa = PBXGroup;
			children = (
				59871DD0206DD51C00E91E1A /* FlashCardPro.app */,
				59871DE4206DD51C00E91E1A /* FlashCardProTests.xctest */,
			);
			name = Products;
			sourceTree = "<group>";
		};
		59871DD2206DD51C00E91E1A /* FlashCardPro */ = {
			isa = PBXGroup;
			children = (
				59871DF3206DD52700E91E1A /* Supporting Files */,
				59871DD7206DD51C00E91E1A /* Main.storyboard */,
				59871DDF206DD51C00E91E1A /* Info.plist */,
			);
			path = FlashCardPro;
			sourceTree = "<group>";
		};
		59871DE7206DD51C00E91E1A /* FlashCardProTests */ = {
			isa = PBXGroup;
			children = (
				59871DE8206DD51C00E91E1A /* FlashCardProTests.swift */,
				59871DEA206DD51C00E91E1A /* Info.plist */,
			);
			path = FlashCardProTests;
			sourceTree = "<group>";
		};
		59871DF3206DD52700E91E1A /* Supporting Files */ = {
			isa = PBXGroup;
			children = (
				59871DD3206DD51C00E91E1A /* AppDelegate.swift */,
				59871DDA206DD51C00E91E1A /* Assets.xcassets */,
				59871DDC206DD51C00E91E1A /* LaunchScreen.storyboard */,
			);
			path = "Supporting Files";
			sourceTree = "<group>";
		};
/* End PBXGroup section */

/* Begin PBXNativeTarget section */
		59871DCF206DD51C00E91E1A /* FlashCardPro */ = {
			isa = PBXNativeTarget;
			buildConfigurationList = 59871DED206DD51C00E91E1A /* Build configuration list for PBXNativeTarget "FlashCardPro" */;
			buildPhases = (
				59871DCC206DD51C00E91E1A /* Sources */,
				59871DCD206DD51C00E91E1A /* Frameworks */,
				59871DCE206DD51C00E91E1A /* Resources */,
			);
			buildRules = (
			);
			dependencies = (
			);
			name = FlashCardPro;
			productName = FlashCardPro;
			productReference = 59871DD0206DD51C00E91E1A /* FlashCardPro.app */;
			productType = "com.apple.product-type.application";
		};
		59871DE3206DD51C00E91E1A /* FlashCardProTests */ = {
			isa = PBXNativeTarget;
			buildConfigurationList = 59871DF0206DD51C00E91E1A /* Build configuration list for PBXNativeTarget "FlashCardProTests" */;
			buildPhases = (
				59871DE0206DD51C00E91E1A /* Sources */,
				59871DE1206DD51C00E91E1A /* Frameworks */,
				59871DE2206DD51C00E91E1A /* Resources */,
			);
			buildRules = (
			);
			dependencies = (
				59871DE6206DD51C00E91E1A /* PBXTargetDependency */,
			);
			name = FlashCardProTests;
			productName = FlashCardProTests;
			productReference = 59871DE4206DD51C00E91E1A /* FlashCardProTests.xctest */;
			productType = "com.apple.product-type.bundle.unit-test";
		};
/* End PBXNativeTarget section */

/* Begin PBXProject section */
		59871DC8206DD51C00E91E1A /* Project object */ = {
			isa = PBXProject;
			attributes = {
				LastSwiftUpdateCheck = 0930;
				LastUpgradeCheck = 0930;
				ORGANIZATIONNAME = "Jose Melendez";
				TargetAttributes = {
					59871DCF206DD51C00E91E1A = {
						CreatedOnToolsVersion = 9.3;
					};
					59871DE3206DD51C00E91E1A = {
						CreatedOnToolsVersion = 9.3;
						TestTargetID = 59871DCF206DD51C00E91E1A;
					};
				};
			};
			buildConfigurationList = 59871DCB206DD51C00E91E1A /* Build configuration list for PBXProject "FlashCardPro" */;
			compatibilityVersion = "Xcode 9.3";
			developmentRegion = en;
			hasScannedForEncodings = 0;
			knownRegions = (
				en,
				Base,
			);
			mainGroup = 59871DC7206DD51C00E91E1A;
			productRefGroup = 59871DD1206DD51C00E91E1A /* Products */;
			projectDirPath = "";
			projectRoot = "";
			targets = (
				59871DCF206DD51C00E91E1A /* FlashCardPro */,
				59871DE3206DD51C00E91E1A /* FlashCardProTests */,
			);
		};
/* End PBXProject section */

/* Begin PBXResourcesBuildPhase section */
		59871DCE206DD51C00E91E1A /* Resources */ = {
			isa = PBXResourcesBuildPhase;
			buildActionMask = 2147483647;
			files = (
				59871DDE206DD51C00E91E1A /* LaunchScreen.storyboard in Resources */,
				59871DDB206DD51C00E91E1A /* Assets.xcassets in Resources */,
				59871DD9206DD51C00E91E1A /* Main.storyboard in Resources */,
			);
			runOnlyForDeploymentPostprocessing = 0;
		};
		59871DE2206DD51C00E91E1A /* Resources */ = {
			isa = PBXResourcesBuildPhase;
			buildActionMask = 2147483647;
			files = (
			);
			runOnlyForDeploymentPostprocessing = 0;
		};
/* End PBXResourcesBuildPhase section */

/* Begin PBXSourcesBuildPhase section */
		59871DCC206DD51C00E91E1A /* Sources */ = {
			isa = PBXSourcesBuildPhase;
			buildActionMask = 2147483647;
			files = (
				59871DD4206DD51C00E91E1A /* AppDelegate.swift in Sources */,
			);
			runOnlyForDeploymentPostprocessing = 0;
		};
		59871DE0206DD51C00E91E1A /* Sources */ = {
			isa = PBXSourcesBuildPhase;
			buildActionMask = 2147483647;
			files = (
				59871DE9206DD51C00E91E1A /* FlashCardProTests.swift in Sources */,
			);
			runOnlyForDeploymentPostprocessing = 0;
		};
/* End PBXSourcesBuildPhase section */

/* Begin PBXTargetDependency section */
		59871DE6206DD51C00E91E1A /* PBXTargetDependency */ = {
			isa = PBXTargetDependency;
			target = 59871DCF206DD51C00E91E1A /* FlashCardPro */;
			targetProxy = 59871DE5206DD51C00E91E1A /* PBXContainerItemProxy */;
		};
/* End PBXTargetDependency section */

/* Begin PBXVariantGroup section */
		59871DD7206DD51C00E91E1A /* Main.storyboard */ = {
			isa = PBXVariantGroup;
			children = (
				59871DD8206DD51C00E91E1A /* Base */,
			);
			name = Main.storyboard;
			sourceTree = "<group>";
		};
		59871DDC206DD51C00E91E1A /* LaunchScreen.storyboard */ = {
			isa = PBXVariantGroup;
			children = (
				59871DDD206DD51C00E91E1A /* Base */,
			);
			name = LaunchScreen.storyboard;
			sourceTree = "<group>";
		};
/* End PBXVariantGroup section */

/* Begin XCBuildConfiguration section */
		59871DEB206DD51C00E91E1A /* Debug */ = {
			isa = XCBuildConfiguration;
			buildSettings = {
				ALWAYS_SEARCH_USER_PATHS = NO;
				CLANG_ANALYZER_NONNULL = YES;
				CLANG_ANALYZER_NUMBER_OBJECT_CONVERSION = YES_AGGRESSIVE;
				CLANG_CXX_LANGUAGE_STANDARD = "gnu++14";
				CLANG_CXX_LIBRARY = "libc++";
				CLANG_ENABLE_MODULES = YES;
				CLANG_ENABLE_OBJC_ARC = YES;
				CLANG_ENABLE_OBJC_WEAK = YES;
				CLANG_WARN_BLOCK_CAPTURE_AUTORELEASING = YES;
				CLANG_WARN_BOOL_CONVERSION = YES;
				CLANG_WARN_COMMA = YES;
				CLANG_WARN_CONSTANT_CONVERSION = YES;
				CLANG_WARN_DEPRECATED_OBJC_IMPLEMENTATIONS = YES;
				CLANG_WARN_DIRECT_OBJC_ISA_USAGE = YES_ERROR;
				CLANG_WARN_DOCUMENTATION_COMMENTS = YES;
				CLANG_WARN_EMPTY_BODY = YES;
				CLANG_WARN_ENUM_CONVERSION = YES;
				CLANG_WARN_INFINITE_RECURSION = YES;
				CLANG_WARN_INT_CONVERSION = YES;
				CLANG_WARN_NON_LITERAL_NULL_CONVERSION = YES;
				CLANG_WARN_OBJC_IMPLICIT_RETAIN_SELF = YES;
				CLANG_WARN_OBJC_LITERAL_CONVERSION = YES;
				CLANG_WARN_OBJC_ROOT_CLASS = YES_ERROR;
				CLANG_WARN_RANGE_LOOP_ANALYSIS = YES;
				CLANG_WARN_STRICT_PROTOTYPES = YES;
				CLANG_WARN_SUSPICIOUS_MOVE = YES;
				CLANG_WARN_UNGUARDED_AVAILABILITY = YES_AGGRESSIVE;
				CLANG_WARN_UNREACHABLE_CODE = YES;
				CLANG_WARN__DUPLICATE_METHOD_MATCH = YES;
				CODE_SIGN_IDENTITY = "iPhone Developer";
				COPY_PHASE_STRIP = NO;
				DEBUG_INFORMATION_FORMAT = dwarf;
				ENABLE_STRICT_OBJC_MSGSEND = YES;
				ENABLE_TESTABILITY = YES;
				GCC_C_LANGUAGE_STANDARD = gnu11;
				GCC_DYNAMIC_NO_PIC = NO;
				GCC_NO_COMMON_BLOCKS = YES;
				GCC_OPTIMIZATION_LEVEL = 0;
				GCC_PREPROCESSOR_DEFINITIONS = (
					"DEBUG=1",
					"$(inherited)",
				);
				GCC_WARN_64_TO_32_BIT_CONVERSION = YES;
				GCC_WARN_ABOUT_RETURN_TYPE = YES_ERROR;
				GCC_WARN_UNDECLARED_SELECTOR = YES;
				GCC_WARN_UNINITIALIZED_AUTOS = YES_AGGRESSIVE;
				GCC_WARN_UNUSED_FUNCTION = YES;
				GCC_WARN_UNUSED_VARIABLE = YES;
				IPHONEOS_DEPLOYMENT_TARGET = 11.3;
				MTL_ENABLE_DEBUG_INFO = YES;
				ONLY_ACTIVE_ARCH = YES;
				SDKROOT = iphoneos;
				SWIFT_ACTIVE_COMPILATION_CONDITIONS = DEBUG;
				SWIFT_OPTIMIZATION_LEVEL = "-Onone";
			};
			name = Debug;
		};
		59871DEC206DD51C00E91E1A /* Release */ = {
			isa = XCBuildConfiguration;
			buildSettings = {
				ALWAYS_SEARCH_USER_PATHS = NO;
				CLANG_ANALYZER_NONNULL = YES;
				CLANG_ANALYZER_NUMBER_OBJECT_CONVERSION = YES_AGGRESSIVE;
				CLANG_CXX_LANGUAGE_STANDARD = "gnu++14";
				CLANG_CXX_LIBRARY = "libc++";
				CLANG_ENABLE_MODULES = YES;
				CLANG_ENABLE_OBJC_ARC = YES;
				CLANG_ENABLE_OBJC_WEAK = YES;
				CLANG_WARN_BLOCK_CAPTURE_AUTORELEASING = YES;
				CLANG_WARN_BOOL_CONVERSION = YES;
				CLANG_WARN_COMMA = YES;
				CLANG_WARN_CONSTANT_CONVERSION = YES;
				CLANG_WARN_DEPRECATED_OBJC_IMPLEMENTATIONS = YES;
				CLANG_WARN_DIRECT_OBJC_ISA_USAGE = YES_ERROR;
				CLANG_WARN_DOCUMENTATION_COMMENTS = YES;
				CLANG_WARN_EMPTY_BODY = YES;
				CLANG_WARN_ENUM_CONVERSION = YES;
				CLANG_WARN_INFINITE_RECURSION = YES;
				CLANG_WARN_INT_CONVERSION = YES;
				CLANG_WARN_NON_LITERAL_NULL_CONVERSION = YES;
				CLANG_WARN_OBJC_IMPLICIT_RETAIN_SELF = YES;
				CLANG_WARN_OBJC_LITERAL_CONVERSION = YES;
				CLANG_WARN_OBJC_ROOT_CLASS = YES_ERROR;
				CLANG_WARN_RANGE_LOOP_ANALYSIS = YES;
				CLANG_WARN_STRICT_PROTOTYPES = YES;
				CLANG_WARN_SUSPICIOUS_MOVE = YES;
				CLANG_WARN_UNGUARDED_AVAILABILITY = YES_AGGRESSIVE;
				CLANG_WARN_UNREACHABLE_CODE = YES;
				CLANG_WARN__DUPLICATE_METHOD_MATCH = YES;
				CODE_SIGN_IDENTITY = "iPhone Developer";
				COPY_PHASE_STRIP = NO;
				DEBUG_INFORMATION_FORMAT = "dwarf-with-dsym";
				ENABLE_NS_ASSERTIONS = NO;
				ENABLE_STRICT_OBJC_MSGSEND = YES;
				GCC_C_LANGUAGE_STANDARD = gnu11;
				GCC_NO_COMMON_BLOCKS = YES;
				GCC_WARN_64_TO_32_BIT_CONVERSION = YES;
				GCC_WARN_ABOUT_RETURN_TYPE = YES_ERROR;
				GCC_WARN_UNDECLARED_SELECTOR = YES;
				GCC_WARN_UNINITIALIZED_AUTOS = YES_AGGRESSIVE;
				GCC_WARN_UNUSED_FUNCTION = YES;
				GCC_WARN_UNUSED_VARIABLE = YES;
				IPHONEOS_DEPLOYMENT_TARGET = 11.3;
				MTL_ENABLE_DEBUG_INFO = NO;
				SDKROOT = iphoneos;
				SWIFT_COMPILATION_MODE = wholemodule;
				SWIFT_OPTIMIZATION_LEVEL = "-O";
				VALIDATE_PRODUCT = YES;
			};
			name = Release;
		};
		59871DEE206DD51C00E91E1A /* Debug */ = {
			isa = XCBuildConfiguration;
			buildSettings = {
				ASSETCATALOG_COMPILER_APPICON_NAME = AppIcon;
				CODE_SIGN_STYLE = Automatic;
				DEVELOPMENT_TEAM = GL34LYNV2E;
				INFOPLIST_FILE = FlashCardPro/Info.plist;
				LD_RUNPATH_SEARCH_PATHS = (
					"$(inherited)",
					"@executable_path/Frameworks",
				);
				PRODUCT_BUNDLE_IDENTIFIER = com.JoseMelendez.FlashCardPro;
				PRODUCT_NAME = "$(TARGET_NAME)";
				SWIFT_VERSION = 4.0;
				TARGETED_DEVICE_FAMILY = "1,2";
			};
			name = Debug;
		};
		59871DEF206DD51C00E91E1A /* Release */ = {
			isa = XCBuildConfiguration;
			buildSettings = {
				ASSETCATALOG_COMPILER_APPICON_NAME = AppIcon;
				CODE_SIGN_STYLE = Automatic;
				DEVELOPMENT_TEAM = GL34LYNV2E;
				INFOPLIST_FILE = FlashCardPro/Info.plist;
				LD_RUNPATH_SEARCH_PATHS = (
					"$(inherited)",
					"@executable_path/Frameworks",
				);
				PRODUCT_BUNDLE_IDENTIFIER = com.JoseMelendez.FlashCardPro;
				PRODUCT_NAME = "$(TARGET_NAME)";
				SWIFT_VERSION = 4.0;
				TARGETED_DEVICE_FAMILY = "1,2";
			};
			name = Release;
		};
		59871DF1206DD51C00E91E1A /* Debug */ = {
			isa = XCBuildConfiguration;
			buildSettings = {
				ALWAYS_EMBED_SWIFT_STANDARD_LIBRARIES = YES;
				BUNDLE_LOADER = "$(TEST_HOST)";
				CODE_SIGN_STYLE = Automatic;
				DEVELOPMENT_TEAM = GL34LYNV2E;
				INFOPLIST_FILE = FlashCardProTests/Info.plist;
				LD_RUNPATH_SEARCH_PATHS = (
					"$(inherited)",
					"@executable_path/Frameworks",
					"@loader_path/Frameworks",
				);
				PRODUCT_BUNDLE_IDENTIFIER = com.JoseMelendez.FlashCardProTests;
				PRODUCT_NAME = "$(TARGET_NAME)";
				SWIFT_VERSION = 4.0;
				TARGETED_DEVICE_FAMILY = "1,2";
				TEST_HOST = "$(BUILT_PRODUCTS_DIR)/FlashCardPro.app/FlashCardPro";
			};
			name = Debug;
		};
		59871DF2206DD51C00E91E1A /* Release */ = {
			isa = XCBuildConfiguration;
			buildSettings = {
				ALWAYS_EMBED_SWIFT_STANDARD_LIBRARIES = YES;
				BUNDLE_LOADER = "$(TEST_HOST)";
				CODE_SIGN_STYLE = Automatic;
				DEVELOPMENT_TEAM = GL34LYNV2E;
				INFOPLIST_FILE = FlashCardProTests/Info.plist;
				LD_RUNPATH_SEARCH_PATHS = (
					"$(inherited)",
					"@executable_path/Frameworks",
					"@loader_path/Frameworks",
				);
				PRODUCT_BUNDLE_IDENTIFIER = com.JoseMelendez.FlashCardProTests;
				PRODUCT_NAME = "$(TARGET_NAME)";
				SWIFT_VERSION = 4.0;
				TARGETED_DEVICE_FAMILY = "1,2";
				TEST_HOST = "$(BUILT_PRODUCTS_DIR)/FlashCardPro.app/FlashCardPro";
			};
			name = Release;
		};
/* End XCBuildConfiguration section */

/* Begin XCConfigurationList section */
		59871DCB206DD51C00E91E1A /* Build configuration list for PBXProject "FlashCardPro" */ = {
			isa = XCConfigurationList;
			buildConfigurations = (
				59871DEB206DD51C00E91E1A /* Debug */,
				59871DEC206DD51C00E91E1A /* Release */,
			);
			defaultConfigurationIsVisible = 0;
			defaultConfigurationName = Release;
		};
		59871DED206DD51C00E91E1A /* Build configuration list for PBXNativeTarget "FlashCardPro" */ = {
			isa = XCConfigurationList;
			buildConfigurations = (
				59871DEE206DD51C00E91E1A /* Debug */,
				59871DEF206DD51C00E91E1A /* Release */,
			);
			defaultConfigurationIsVisible = 0;
			defaultConfigurationName = Release;
		};
		59871DF0206DD51C00E91E1A /* Build configuration list for PBXNativeTarget "FlashCardProTests" */ = {
			isa = XCConfigurationList;
			buildConfigurations = (
				59871DF1206DD51C00E91E1A /* Debug */,
				59871DF2206DD51C00E91E1A /* Release */,
			);
			defaultConfigurationIsVisible = 0;
			defaultConfigurationName = Release;
		};
/* End XCConfigurationList section */
	};
	rootObject = 59871DC8206DD51C00E91E1A /* Project object */;
}
