// !$*UTF8*$!
{
	archiveVersion = 1;
	classes = {
	};
	objectVersion = 50;
	objects = {

/* Begin PBXBuildFile section */
		3A43AAA68942B154EA2BA92A /* Pods_FlashCardProTests.framework in Frameworks */ = {isa = PBXBuildFile; fileRef = AE8DF1D9E1D6F5986F2814FE /* Pods_FlashCardProTests.framework */; };
		59086B492073E3AF00E3EDD9 /* CreateNewDeckViewController.swift in Sources */ = {isa = PBXBuildFile; fileRef = 59086B482073E3AF00E3EDD9 /* CreateNewDeckViewController.swift */; };
		593FE95C208697D7005CF28F /* RegisteredPurchase.swift in Sources */ = {isa = PBXBuildFile; fileRef = 593FE95B208697D7005CF28F /* RegisteredPurchase.swift */; };
		59871DD4206DD51C00E91E1A /* AppDelegate.swift in Sources */ = {isa = PBXBuildFile; fileRef = 59871DD3206DD51C00E91E1A /* AppDelegate.swift */; };
		59871DD9206DD51C00E91E1A /* Main.storyboard in Resources */ = {isa = PBXBuildFile; fileRef = 59871DD7206DD51C00E91E1A /* Main.storyboard */; };
		59871DDB206DD51C00E91E1A /* Assets.xcassets in Resources */ = {isa = PBXBuildFile; fileRef = 59871DDA206DD51C00E91E1A /* Assets.xcassets */; };
		59871DDE206DD51C00E91E1A /* LaunchScreen.storyboard in Resources */ = {isa = PBXBuildFile; fileRef = 59871DDC206DD51C00E91E1A /* LaunchScreen.storyboard */; };
		59871DE9206DD51C00E91E1A /* FlashCardProTests.swift in Sources */ = {isa = PBXBuildFile; fileRef = 59871DE8206DD51C00E91E1A /* FlashCardProTests.swift */; };
		59B6F7212072F8A2005B4A0C /* FlashCard.swift in Sources */ = {isa = PBXBuildFile; fileRef = 59B6F7202072F8A2005B4A0C /* FlashCard.swift */; };
		59B6F7232072F8AE005B4A0C /* FlashCardDeck.swift in Sources */ = {isa = PBXBuildFile; fileRef = 59B6F7222072F8AE005B4A0C /* FlashCardDeck.swift */; };
		59B6F7272072FADC005B4A0C /* FlashCardDecksCollectionViewController.swift in Sources */ = {isa = PBXBuildFile; fileRef = 59B6F7262072FADC005B4A0C /* FlashCardDecksCollectionViewController.swift */; };
		59B6F729207301AE005B4A0C /* FlashCardDeckCollectionViewCell.swift in Sources */ = {isa = PBXBuildFile; fileRef = 59B6F728207301AE005B4A0C /* FlashCardDeckCollectionViewCell.swift */; };
		59B6F72C20730D3E005B4A0C /* CollectionViewCell.swift in Sources */ = {isa = PBXBuildFile; fileRef = 59B6F72B20730D3E005B4A0C /* CollectionViewCell.swift */; };
		59C98AB020747DF600778B8B /* FlashCardsViewController.swift in Sources */ = {isa = PBXBuildFile; fileRef = 59C98AAF20747DF600778B8B /* FlashCardsViewController.swift */; };
		59C98AB220747E1600778B8B /* CreateNewFlashCardViewController.swift in Sources */ = {isa = PBXBuildFile; fileRef = 59C98AB120747E1600778B8B /* CreateNewFlashCardViewController.swift */; };
		59D2E0FA207822670035F3D3 /* textView.swift in Sources */ = {isa = PBXBuildFile; fileRef = 59D2E0F9207822670035F3D3 /* textView.swift */; };
		844AD5CA882BFBF89547E6A2 /* Pods_FlashCardPro.framework in Frameworks */ = {isa = PBXBuildFile; fileRef = D4DF87049886AF6B11183483 /* Pods_FlashCardPro.framework */; };
/* End PBXBuildFile section */

/* Begin PBXContainerItemProxy section */
		59871DE5206DD51C00E91E1A /* PBXContainerItemProxy */ = {
			isa = PBXContainerItemProxy;
			containerPortal = 59871DC8206DD51C00E91E1A /* Project object */;
			proxyType = 1;
			remoteGlobalIDString = 59871DCF206DD51C00E91E1A;
			remoteInfo = FlashCardPro;
		};
/* End PBXContainerItemProxy section */

/* Begin PBXFileReference section */
		59086B482073E3AF00E3EDD9 /* CreateNewDeckViewController.swift */ = {isa = PBXFileReference; lastKnownFileType = sourcecode.swift; path = CreateNewDeckViewController.swift; sourceTree = "<group>"; };
		593FE95B208697D7005CF28F /* RegisteredPurchase.swift */ = {isa = PBXFileReference; lastKnownFileType = sourcecode.swift; path = RegisteredPurchase.swift; sourceTree = "<group>"; };
		59871DD0206DD51C00E91E1A /* FlashCardPro.app */ = {isa = PBXFileReference; explicitFileType = wrapper.application; includeInIndex = 0; path = FlashCardPro.app; sourceTree = BUILT_PRODUCTS_DIR; };
		59871DD3206DD51C00E91E1A /* AppDelegate.swift */ = {isa = PBXFileReference; lastKnownFileType = sourcecode.swift; path = AppDelegate.swift; sourceTree = "<group>"; };
		59871DD8206DD51C00E91E1A /* Base */ = {isa = PBXFileReference; lastKnownFileType = file.storyboard; name = Base; path = Base.lproj/Main.storyboard; sourceTree = "<group>"; };
		59871DDA206DD51C00E91E1A /* Assets.xcassets */ = {isa = PBXFileReference; lastKnownFileType = folder.assetcatalog; path = Assets.xcassets; sourceTree = "<group>"; };
		59871DDD206DD51C00E91E1A /* Base */ = {isa = PBXFileReference; lastKnownFileType = file.storyboard; name = Base; path = Base.lproj/LaunchScreen.storyboard; sourceTree = "<group>"; };
		59871DDF206DD51C00E91E1A /* Info.plist */ = {isa = PBXFileReference; lastKnownFileType = text.plist.xml; path = Info.plist; sourceTree = "<group>"; };
		59871DE4206DD51C00E91E1A /* FlashCardProTests.xctest */ = {isa = PBXFileReference; explicitFileType = wrapper.cfbundle; includeInIndex = 0; path = FlashCardProTests.xctest; sourceTree = BUILT_PRODUCTS_DIR; };
		59871DE8206DD51C00E91E1A /* FlashCardProTests.swift */ = {isa = PBXFileReference; lastKnownFileType = sourcecode.swift; path = FlashCardProTests.swift; sourceTree = "<group>"; };
		59871DEA206DD51C00E91E1A /* Info.plist */ = {isa = PBXFileReference; lastKnownFileType = text.plist.xml; path = Info.plist; sourceTree = "<group>"; };
		59B6F7202072F8A2005B4A0C /* FlashCard.swift */ = {isa = PBXFileReference; lastKnownFileType = sourcecode.swift; path = FlashCard.swift; sourceTree = "<group>"; };
		59B6F7222072F8AE005B4A0C /* FlashCardDeck.swift */ = {isa = PBXFileReference; lastKnownFileType = sourcecode.swift; path = FlashCardDeck.swift; sourceTree = "<group>"; };
		59B6F7262072FADC005B4A0C /* FlashCardDecksCollectionViewController.swift */ = {isa = PBXFileReference; lastKnownFileType = sourcecode.swift; path = FlashCardDecksCollectionViewController.swift; sourceTree = "<group>"; };
		59B6F728207301AE005B4A0C /* FlashCardDeckCollectionViewCell.swift */ = {isa = PBXFileReference; lastKnownFileType = sourcecode.swift; path = FlashCardDeckCollectionViewCell.swift; sourceTree = "<group>"; };
		59B6F72B20730D3E005B4A0C /* CollectionViewCell.swift */ = {isa = PBXFileReference; lastKnownFileType = sourcecode.swift; path = CollectionViewCell.swift; sourceTree = "<group>"; };
		59C98AAF20747DF600778B8B /* FlashCardsViewController.swift */ = {isa = PBXFileReference; lastKnownFileType = sourcecode.swift; path = FlashCardsViewController.swift; sourceTree = "<group>"; };
		59C98AB120747E1600778B8B /* CreateNewFlashCardViewController.swift */ = {isa = PBXFileReference; lastKnownFileType = sourcecode.swift; path = CreateNewFlashCardViewController.swift; sourceTree = "<group>"; };
		59D2E0F9207822670035F3D3 /* textView.swift */ = {isa = PBXFileReference; lastKnownFileType = sourcecode.swift; path = textView.swift; sourceTree = "<group>"; };
		5B203CCE9868BE61426125D3 /* Pods-FlashCardProTests.release.xcconfig */ = {isa = PBXFileReference; includeInIndex = 1; lastKnownFileType = text.xcconfig; name = "Pods-FlashCardProTests.release.xcconfig"; path = "Pods/Target Support Files/Pods-FlashCardProTests/Pods-FlashCardProTests.release.xcconfig"; sourceTree = "<group>"; };
		8F71783717816F51C9E65D91 /* Pods-FlashCardPro.release.xcconfig */ = {isa = PBXFileReference; includeInIndex = 1; lastKnownFileType = text.xcconfig; name = "Pods-FlashCardPro.release.xcconfig"; path = "Pods/Target Support Files/Pods-FlashCardPro/Pods-FlashCardPro.release.xcconfig"; sourceTree = "<group>"; };
		AE8DF1D9E1D6F5986F2814FE /* Pods_FlashCardProTests.framework */ = {isa = PBXFileReference; explicitFileType = wrapper.framework; includeInIndex = 0; path = Pods_FlashCardProTests.framework; sourceTree = BUILT_PRODUCTS_DIR; };
		D10264418C2DB89BFF9C57A7 /* Pods-FlashCardPro.debug.xcconfig */ = {isa = PBXFileReference; includeInIndex = 1; lastKnownFileType = text.xcconfig; name = "Pods-FlashCardPro.debug.xcconfig"; path = "Pods/Target Support Files/Pods-FlashCardPro/Pods-FlashCardPro.debug.xcconfig"; sourceTree = "<group>"; };
		D4DF87049886AF6B11183483 /* Pods_FlashCardPro.framework */ = {isa = PBXFileReference; explicitFileType = wrapper.framework; includeInIndex = 0; path = Pods_FlashCardPro.framework; sourceTree = BUILT_PRODUCTS_DIR; };
		FC24575811C69ED736560B68 /* Pods-FlashCardProTests.debug.xcconfig */ = {isa = PBXFileReference; includeInIndex = 1; lastKnownFileType = text.xcconfig; name = "Pods-FlashCardProTests.debug.xcconfig"; path = "Pods/Target Support Files/Pods-FlashCardProTests/Pods-FlashCardProTests.debug.xcconfig"; sourceTree = "<group>"; };
/* End PBXFileReference section */

/* Begin PBXFrameworksBuildPhase section */
		59871DCD206DD51C00E91E1A /* Frameworks */ = {
			isa = PBXFrameworksBuildPhase;
			buildActionMask = 2147483647;
			files = (
				844AD5CA882BFBF89547E6A2 /* Pods_FlashCardPro.framework in Frameworks */,
			);
			runOnlyForDeploymentPostprocessing = 0;
		};
		59871DE1206DD51C00E91E1A /* Frameworks */ = {
			isa = PBXFrameworksBuildPhase;
			buildActionMask = 2147483647;
			files = (
				3A43AAA68942B154EA2BA92A /* Pods_FlashCardProTests.framework in Frameworks */,
			);
			runOnlyForDeploymentPostprocessing = 0;
		};
/* End PBXFrameworksBuildPhase section */

/* Begin PBXGroup section */
		538E2E8D82B463CEC4ACFBDE /* Frameworks */ = {
			isa = PBXGroup;
			children = (
				D4DF87049886AF6B11183483 /* Pods_FlashCardPro.framework */,
				AE8DF1D9E1D6F5986F2814FE /* Pods_FlashCardProTests.framework */,
			);
			name = Frameworks;
			sourceTree = "<group>";
		};
		59871DC7206DD51C00E91E1A = {
			isa = PBXGroup;
			children = (
				59871DD2206DD51C00E91E1A /* FlashCardPro */,
				59871DE7206DD51C00E91E1A /* FlashCardProTests */,
				59871DD1206DD51C00E91E1A /* Products */,
				7C39A99DC281F2EB90CDB8EB /* Pods */,
				538E2E8D82B463CEC4ACFBDE /* Frameworks */,
			);
			sourceTree = "<group>";
		};
		59871DD1206DD51C00E91E1A /* Products */ = {
			isa = PBXGroup;
			children = (
				59871DD0206DD51C00E91E1A /* FlashCardPro.app */,
				59871DE4206DD51C00E91E1A /* FlashCardProTests.xctest */,
			);
			name = Products;
			sourceTree = "<group>";
		};
		59871DD2206DD51C00E91E1A /* FlashCardPro */ = {
			isa = PBXGroup;
			children = (
				59B6F72A20730CFD005B4A0C /* Extensions */,
				59B6F71C2072F859005B4A0C /* Models */,
				59B6F71B2072F84E005B4A0C /* Views */,
				59B6F71F2072F877005B4A0C /* Controllers */,
				59871DF3206DD52700E91E1A /* Supporting Files */,
				59871DDF206DD51C00E91E1A /* Info.plist */,
			);
			path = FlashCardPro;
			sourceTree = "<group>";
		};
		59871DE7206DD51C00E91E1A /* FlashCardProTests */ = {
			isa = PBXGroup;
			children = (
				59871DE8206DD51C00E91E1A /* FlashCardProTests.swift */,
				59871DEA206DD51C00E91E1A /* Info.plist */,
			);
			path = FlashCardProTests;
			sourceTree = "<group>";
		};
		59871DF3206DD52700E91E1A /* Supporting Files */ = {
			isa = PBXGroup;
			children = (
				59871DD3206DD51C00E91E1A /* AppDelegate.swift */,
				59871DDA206DD51C00E91E1A /* Assets.xcassets */,
				59871DDC206DD51C00E91E1A /* LaunchScreen.storyboard */,
			);
			path = "Supporting Files";
			sourceTree = "<group>";
		};
		59B6F71B2072F84E005B4A0C /* Views */ = {
			isa = PBXGroup;
			children = (
				59B6F728207301AE005B4A0C /* FlashCardDeckCollectionViewCell.swift */,
				59871DD7206DD51C00E91E1A /* Main.storyboard */,
			);
			path = Views;
			sourceTree = "<group>";
		};
		59B6F71C2072F859005B4A0C /* Models */ = {
			isa = PBXGroup;
			children = (
				59B6F7202072F8A2005B4A0C /* FlashCard.swift */,
				59B6F7222072F8AE005B4A0C /* FlashCardDeck.swift */,
			);
			path = Models;
			sourceTree = "<group>";
		};
		59B6F71F2072F877005B4A0C /* Controllers */ = {
			isa = PBXGroup;
			children = (
				59C98AAF20747DF600778B8B /* FlashCardsViewController.swift */,
				59C98AB120747E1600778B8B /* CreateNewFlashCardViewController.swift */,
				59086B482073E3AF00E3EDD9 /* CreateNewDeckViewController.swift */,
				59B6F7262072FADC005B4A0C /* FlashCardDecksCollectionViewController.swift */,
			);
			path = Controllers;
			sourceTree = "<group>";
		};
		59B6F72A20730CFD005B4A0C /* Extensions */ = {
			isa = PBXGroup;
			children = (
				59B6F72B20730D3E005B4A0C /* CollectionViewCell.swift */,
				59D2E0F9207822670035F3D3 /* textView.swift */,
				593FE95B208697D7005CF28F /* RegisteredPurchase.swift */,
			);
			path = Extensions;
			sourceTree = "<group>";
		};
		7C39A99DC281F2EB90CDB8EB /* Pods */ = {
			isa = PBXGroup;
			children = (
				D10264418C2DB89BFF9C57A7 /* Pods-FlashCardPro.debug.xcconfig */,
				8F71783717816F51C9E65D91 /* Pods-FlashCardPro.release.xcconfig */,
				FC24575811C69ED736560B68 /* Pods-FlashCardProTests.debug.xcconfig */,
				5B203CCE9868BE61426125D3 /* Pods-FlashCardProTests.release.xcconfig */,
			);
			name = Pods;
			sourceTree = "<group>";
		};
/* End PBXGroup section */

/* Begin PBXNativeTarget section */
		59871DCF206DD51C00E91E1A /* FlashCardPro */ = {
			isa = PBXNativeTarget;
			buildConfigurationList = 59871DED206DD51C00E91E1A /* Build configuration list for PBXNativeTarget "FlashCardPro" */;
			buildPhases = (
				A2A7131F757B2FB1AEDF952D /* [CP] Check Pods Manifest.lock */,
				59871DCC206DD51C00E91E1A /* Sources */,
				59871DCD206DD51C00E91E1A /* Frameworks */,
				59871DCE206DD51C00E91E1A /* Resources */,
				1C267D55CA21F54C0702D32D /* [CP] Embed Pods Frameworks */,
				80149661EB2319B1EF7CA5C3 /* [CP] Copy Pods Resources */,
			);
			buildRules = (
			);
			dependencies = (
			);
			name = FlashCardPro;
			productName = FlashCardPro;
			productReference = 59871DD0206DD51C00E91E1A /* FlashCardPro.app */;
			productType = "com.apple.product-type.application";
		};
		59871DE3206DD51C00E91E1A /* FlashCardProTests */ = {
			isa = PBXNativeTarget;
			buildConfigurationList = 59871DF0206DD51C00E91E1A /* Build configuration list for PBXNativeTarget "FlashCardProTests" */;
			buildPhases = (
				E5FB3A200EDFB4B5CBDFBC44 /* [CP] Check Pods Manifest.lock */,
				59871DE0206DD51C00E91E1A /* Sources */,
				59871DE1206DD51C00E91E1A /* Frameworks */,
				59871DE2206DD51C00E91E1A /* Resources */,
				3F7B432E90FE0C5133119832 /* [CP] Embed Pods Frameworks */,
				4E7754C58408673862C7C292 /* [CP] Copy Pods Resources */,
			);
			buildRules = (
			);
			dependencies = (
				59871DE6206DD51C00E91E1A /* PBXTargetDependency */,
			);
			name = FlashCardProTests;
			productName = FlashCardProTests;
			productReference = 59871DE4206DD51C00E91E1A /* FlashCardProTests.xctest */;
			productType = "com.apple.product-type.bundle.unit-test";
		};
/* End PBXNativeTarget section */

/* Begin PBXProject section */
		59871DC8206DD51C00E91E1A /* Project object */ = {
			isa = PBXProject;
			attributes = {
				LastSwiftUpdateCheck = 0930;
				LastUpgradeCheck = 0930;
				ORGANIZATIONNAME = "Jose Melendez";
				TargetAttributes = {
					59871DCF206DD51C00E91E1A = {
						CreatedOnToolsVersion = 9.3;
					};
					59871DE3206DD51C00E91E1A = {
						CreatedOnToolsVersion = 9.3;
						TestTargetID = 59871DCF206DD51C00E91E1A;
					};
				};
			};
			buildConfigurationList = 59871DCB206DD51C00E91E1A /* Build configuration list for PBXProject "FlashCardPro" */;
			compatibilityVersion = "Xcode 9.3";
			developmentRegion = en;
			hasScannedForEncodings = 0;
			knownRegions = (
				en,
				Base,
			);
			mainGroup = 59871DC7206DD51C00E91E1A;
			productRefGroup = 59871DD1206DD51C00E91E1A /* Products */;
			projectDirPath = "";
			projectRoot = "";
			targets = (
				59871DCF206DD51C00E91E1A /* FlashCardPro */,
				59871DE3206DD51C00E91E1A /* FlashCardProTests */,
			);
		};
/* End PBXProject section */

/* Begin PBXResourcesBuildPhase section */
		59871DCE206DD51C00E91E1A /* Resources */ = {
			isa = PBXResourcesBuildPhase;
			buildActionMask = 2147483647;
			files = (
				59871DDE206DD51C00E91E1A /* LaunchScreen.storyboard in Resources */,
				59871DDB206DD51C00E91E1A /* Assets.xcassets in Resources */,
				59871DD9206DD51C00E91E1A /* Main.storyboard in Resources */,
			);
			runOnlyForDeploymentPostprocessing = 0;
		};
		59871DE2206DD51C00E91E1A /* Resources */ = {
			isa = PBXResourcesBuildPhase;
			buildActionMask = 2147483647;
			files = (
			);
			runOnlyForDeploymentPostprocessing = 0;
		};
/* End PBXResourcesBuildPhase section */

/* Begin PBXShellScriptBuildPhase section */
		1C267D55CA21F54C0702D32D /* [CP] Embed Pods Frameworks */ = {
			isa = PBXShellScriptBuildPhase;
			buildActionMask = 2147483647;
			files = (
			);
			inputPaths = (
				"${SRCROOT}/Pods/Target Support Files/Pods-FlashCardPro/Pods-FlashCardPro-frameworks.sh",
				"${BUILT_PRODUCTS_DIR}/Realm/Realm.framework",
				"${BUILT_PRODUCTS_DIR}/RealmSwift/RealmSwift.framework",
				"${BUILT_PRODUCTS_DIR}/SwiftyStoreKit/SwiftyStoreKit.framework",
				"${BUILT_PRODUCTS_DIR}/TextFieldEffects/TextFieldEffects.framework",
			);
			name = "[CP] Embed Pods Frameworks";
			outputPaths = (
				"${TARGET_BUILD_DIR}/${FRAMEWORKS_FOLDER_PATH}/Realm.framework",
				"${TARGET_BUILD_DIR}/${FRAMEWORKS_FOLDER_PATH}/RealmSwift.framework",
				"${TARGET_BUILD_DIR}/${FRAMEWORKS_FOLDER_PATH}/SwiftyStoreKit.framework",
				"${TARGET_BUILD_DIR}/${FRAMEWORKS_FOLDER_PATH}/TextFieldEffects.framework",
			);
			runOnlyForDeploymentPostprocessing = 0;
			shellPath = /bin/sh;
			shellScript = "\"${SRCROOT}/Pods/Target Support Files/Pods-FlashCardPro/Pods-FlashCardPro-frameworks.sh\"\n";
			showEnvVarsInLog = 0;
		};
		3F7B432E90FE0C5133119832 /* [CP] Embed Pods Frameworks */ = {
			isa = PBXShellScriptBuildPhase;
			buildActionMask = 2147483647;
			files = (
			);
			inputPaths = (
			);
			name = "[CP] Embed Pods Frameworks";
			outputPaths = (
			);
			runOnlyForDeploymentPostprocessing = 0;
			shellPath = /bin/sh;
			shellScript = "\"${SRCROOT}/Pods/Target Support Files/Pods-FlashCardProTests/Pods-FlashCardProTests-frameworks.sh\"\n";
			showEnvVarsInLog = 0;
		};
		4E7754C58408673862C7C292 /* [CP] Copy Pods Resources */ = {
			isa = PBXShellScriptBuildPhase;
			buildActionMask = 2147483647;
			files = (
			);
			inputPaths = (
			);
			name = "[CP] Copy Pods Resources";
			outputPaths = (
			);
			runOnlyForDeploymentPostprocessing = 0;
			shellPath = /bin/sh;
			shellScript = "\"${SRCROOT}/Pods/Target Support Files/Pods-FlashCardProTests/Pods-FlashCardProTests-resources.sh\"\n";
			showEnvVarsInLog = 0;
		};
		80149661EB2319B1EF7CA5C3 /* [CP] Copy Pods Resources */ = {
			isa = PBXShellScriptBuildPhase;
			buildActionMask = 2147483647;
			files = (
			);
			inputPaths = (
			);
			name = "[CP] Copy Pods Resources";
			outputPaths = (
			);
			runOnlyForDeploymentPostprocessing = 0;
			shellPath = /bin/sh;
			shellScript = "\"${SRCROOT}/Pods/Target Support Files/Pods-FlashCardPro/Pods-FlashCardPro-resources.sh\"\n";
			showEnvVarsInLog = 0;
		};
		A2A7131F757B2FB1AEDF952D /* [CP] Check Pods Manifest.lock */ = {
			isa = PBXShellScriptBuildPhase;
			buildActionMask = 2147483647;
			files = (
			);
			inputPaths = (
				"${PODS_PODFILE_DIR_PATH}/Podfile.lock",
				"${PODS_ROOT}/Manifest.lock",
			);
			name = "[CP] Check Pods Manifest.lock";
			outputPaths = (
				"$(DERIVED_FILE_DIR)/Pods-FlashCardPro-checkManifestLockResult.txt",
			);
			runOnlyForDeploymentPostprocessing = 0;
			shellPath = /bin/sh;
			shellScript = "diff \"${PODS_PODFILE_DIR_PATH}/Podfile.lock\" \"${PODS_ROOT}/Manifest.lock\" > /dev/null\nif [ $? != 0 ] ; then\n    # print error to STDERR\n    echo \"error: The sandbox is not in sync with the Podfile.lock. Run 'pod install' or update your CocoaPods installation.\" >&2\n    exit 1\nfi\n# This output is used by Xcode 'outputs' to avoid re-running this script phase.\necho \"SUCCESS\" > \"${SCRIPT_OUTPUT_FILE_0}\"\n";
			showEnvVarsInLog = 0;
		};
		E5FB3A200EDFB4B5CBDFBC44 /* [CP] Check Pods Manifest.lock */ = {
			isa = PBXShellScriptBuildPhase;
			buildActionMask = 2147483647;
			files = (
			);
			inputPaths = (
				"${PODS_PODFILE_DIR_PATH}/Podfile.lock",
				"${PODS_ROOT}/Manifest.lock",
			);
			name = "[CP] Check Pods Manifest.lock";
			outputPaths = (
				"$(DERIVED_FILE_DIR)/Pods-FlashCardProTests-checkManifestLockResult.txt",
			);
			runOnlyForDeploymentPostprocessing = 0;
			shellPath = /bin/sh;
			shellScript = "diff \"${PODS_PODFILE_DIR_PATH}/Podfile.lock\" \"${PODS_ROOT}/Manifest.lock\" > /dev/null\nif [ $? != 0 ] ; then\n    # print error to STDERR\n    echo \"error: The sandbox is not in sync with the Podfile.lock. Run 'pod install' or update your CocoaPods installation.\" >&2\n    exit 1\nfi\n# This output is used by Xcode 'outputs' to avoid re-running this script phase.\necho \"SUCCESS\" > \"${SCRIPT_OUTPUT_FILE_0}\"\n";
			showEnvVarsInLog = 0;
		};
/* End PBXShellScriptBuildPhase section */

/* Begin PBXSourcesBuildPhase section */
		59871DCC206DD51C00E91E1A /* Sources */ = {
			isa = PBXSourcesBuildPhase;
			buildActionMask = 2147483647;
			files = (
				59086B492073E3AF00E3EDD9 /* CreateNewDeckViewController.swift in Sources */,
				59B6F7272072FADC005B4A0C /* FlashCardDecksCollectionViewController.swift in Sources */,
				59B6F72C20730D3E005B4A0C /* CollectionViewCell.swift in Sources */,
				59C98AB020747DF600778B8B /* FlashCardsViewController.swift in Sources */,
				59B6F7212072F8A2005B4A0C /* FlashCard.swift in Sources */,
				59C98AB220747E1600778B8B /* CreateNewFlashCardViewController.swift in Sources */,
				59B6F7232072F8AE005B4A0C /* FlashCardDeck.swift in Sources */,
				59B6F729207301AE005B4A0C /* FlashCardDeckCollectionViewCell.swift in Sources */,
				59871DD4206DD51C00E91E1A /* AppDelegate.swift in Sources */,
				59D2E0FA207822670035F3D3 /* textView.swift in Sources */,
				593FE95C208697D7005CF28F /* RegisteredPurchase.swift in Sources */,
			);
			runOnlyForDeploymentPostprocessing = 0;
		};
		59871DE0206DD51C00E91E1A /* Sources */ = {
			isa = PBXSourcesBuildPhase;
			buildActionMask = 2147483647;
			files = (
				59871DE9206DD51C00E91E1A /* FlashCardProTests.swift in Sources */,
			);
			runOnlyForDeploymentPostprocessing = 0;
		};
/* End PBXSourcesBuildPhase section */

/* Begin PBXTargetDependency section */
		59871DE6206DD51C00E91E1A /* PBXTargetDependency */ = {
			isa = PBXTargetDependency;
			target = 59871DCF206DD51C00E91E1A /* FlashCardPro */;
			targetProxy = 59871DE5206DD51C00E91E1A /* PBXContainerItemProxy */;
		};
/* End PBXTargetDependency section */

/* Begin PBXVariantGroup section */
		59871DD7206DD51C00E91E1A /* Main.storyboard */ = {
			isa = PBXVariantGroup;
			children = (
				59871DD8206DD51C00E91E1A /* Base */,
			);
			name = Main.storyboard;
			sourceTree = "<group>";
		};
		59871DDC206DD51C00E91E1A /* LaunchScreen.storyboard */ = {
			isa = PBXVariantGroup;
			children = (
				59871DDD206DD51C00E91E1A /* Base */,
			);
			name = LaunchScreen.storyboard;
			sourceTree = "<group>";
		};
/* End PBXVariantGroup section */

/* Begin XCBuildConfiguration section */
		59871DEB206DD51C00E91E1A /* Debug */ = {
			isa = XCBuildConfiguration;
			buildSettings = {
				ALWAYS_SEARCH_USER_PATHS = NO;
				CLANG_ANALYZER_NONNULL = YES;
				CLANG_ANALYZER_NUMBER_OBJECT_CONVERSION = YES_AGGRESSIVE;
				CLANG_CXX_LANGUAGE_STANDARD = "gnu++14";
				CLANG_CXX_LIBRARY = "libc++";
				CLANG_ENABLE_MODULES = YES;
				CLANG_ENABLE_OBJC_ARC = YES;
				CLANG_ENABLE_OBJC_WEAK = YES;
				CLANG_WARN_BLOCK_CAPTURE_AUTORELEASING = YES;
				CLANG_WARN_BOOL_CONVERSION = YES;
				CLANG_WARN_COMMA = YES;
				CLANG_WARN_CONSTANT_CONVERSION = YES;
				CLANG_WARN_DEPRECATED_OBJC_IMPLEMENTATIONS = YES;
				CLANG_WARN_DIRECT_OBJC_ISA_USAGE = YES_ERROR;
				CLANG_WARN_DOCUMENTATION_COMMENTS = YES;
				CLANG_WARN_EMPTY_BODY = YES;
				CLANG_WARN_ENUM_CONVERSION = YES;
				CLANG_WARN_INFINITE_RECURSION = YES;
				CLANG_WARN_INT_CONVERSION = YES;
				CLANG_WARN_NON_LITERAL_NULL_CONVERSION = YES;
				CLANG_WARN_OBJC_IMPLICIT_RETAIN_SELF = YES;
				CLANG_WARN_OBJC_LITERAL_CONVERSION = YES;
				CLANG_WARN_OBJC_ROOT_CLASS = YES_ERROR;
				CLANG_WARN_RANGE_LOOP_ANALYSIS = YES;
				CLANG_WARN_STRICT_PROTOTYPES = YES;
				CLANG_WARN_SUSPICIOUS_MOVE = YES;
				CLANG_WARN_UNGUARDED_AVAILABILITY = YES_AGGRESSIVE;
				CLANG_WARN_UNREACHABLE_CODE = YES;
				CLANG_WARN__DUPLICATE_METHOD_MATCH = YES;
				CODE_SIGN_IDENTITY = "iPhone Developer";
				COPY_PHASE_STRIP = NO;
				DEBUG_INFORMATION_FORMAT = dwarf;
				ENABLE_STRICT_OBJC_MSGSEND = YES;
				ENABLE_TESTABILITY = YES;
				GCC_C_LANGUAGE_STANDARD = gnu11;
				GCC_DYNAMIC_NO_PIC = NO;
				GCC_NO_COMMON_BLOCKS = YES;
				GCC_OPTIMIZATION_LEVEL = 0;
				GCC_PREPROCESSOR_DEFINITIONS = (
					"DEBUG=1",
					"$(inherited)",
				);
				GCC_WARN_64_TO_32_BIT_CONVERSION = YES;
				GCC_WARN_ABOUT_RETURN_TYPE = YES_ERROR;
				GCC_WARN_UNDECLARED_SELECTOR = YES;
				GCC_WARN_UNINITIALIZED_AUTOS = YES_AGGRESSIVE;
				GCC_WARN_UNUSED_FUNCTION = YES;
				GCC_WARN_UNUSED_VARIABLE = YES;
				IPHONEOS_DEPLOYMENT_TARGET = 11.3;
				MTL_ENABLE_DEBUG_INFO = YES;
				ONLY_ACTIVE_ARCH = YES;
				SDKROOT = iphoneos;
				SWIFT_ACTIVE_COMPILATION_CONDITIONS = DEBUG;
				SWIFT_OPTIMIZATION_LEVEL = "-Onone";
			};
			name = Debug;
		};
		59871DEC206DD51C00E91E1A /* Release */ = {
			isa = XCBuildConfiguration;
			buildSettings = {
				ALWAYS_SEARCH_USER_PATHS = NO;
				CLANG_ANALYZER_NONNULL = YES;
				CLANG_ANALYZER_NUMBER_OBJECT_CONVERSION = YES_AGGRESSIVE;
				CLANG_CXX_LANGUAGE_STANDARD = "gnu++14";
				CLANG_CXX_LIBRARY = "libc++";
				CLANG_ENABLE_MODULES = YES;
				CLANG_ENABLE_OBJC_ARC = YES;
				CLANG_ENABLE_OBJC_WEAK = YES;
				CLANG_WARN_BLOCK_CAPTURE_AUTORELEASING = YES;
				CLANG_WARN_BOOL_CONVERSION = YES;
				CLANG_WARN_COMMA = YES;
				CLANG_WARN_CONSTANT_CONVERSION = YES;
				CLANG_WARN_DEPRECATED_OBJC_IMPLEMENTATIONS = YES;
				CLANG_WARN_DIRECT_OBJC_ISA_USAGE = YES_ERROR;
				CLANG_WARN_DOCUMENTATION_COMMENTS = YES;
				CLANG_WARN_EMPTY_BODY = YES;
				CLANG_WARN_ENUM_CONVERSION = YES;
				CLANG_WARN_INFINITE_RECURSION = YES;
				CLANG_WARN_INT_CONVERSION = YES;
				CLANG_WARN_NON_LITERAL_NULL_CONVERSION = YES;
				CLANG_WARN_OBJC_IMPLICIT_RETAIN_SELF = YES;
				CLANG_WARN_OBJC_LITERAL_CONVERSION = YES;
				CLANG_WARN_OBJC_ROOT_CLASS = YES_ERROR;
				CLANG_WARN_RANGE_LOOP_ANALYSIS = YES;
				CLANG_WARN_STRICT_PROTOTYPES = YES;
				CLANG_WARN_SUSPICIOUS_MOVE = YES;
				CLANG_WARN_UNGUARDED_AVAILABILITY = YES_AGGRESSIVE;
				CLANG_WARN_UNREACHABLE_CODE = YES;
				CLANG_WARN__DUPLICATE_METHOD_MATCH = YES;
				CODE_SIGN_IDENTITY = "iPhone Developer";
				COPY_PHASE_STRIP = NO;
				DEBUG_INFORMATION_FORMAT = "dwarf-with-dsym";
				ENABLE_NS_ASSERTIONS = NO;
				ENABLE_STRICT_OBJC_MSGSEND = YES;
				GCC_C_LANGUAGE_STANDARD = gnu11;
				GCC_NO_COMMON_BLOCKS = YES;
				GCC_WARN_64_TO_32_BIT_CONVERSION = YES;
				GCC_WARN_ABOUT_RETURN_TYPE = YES_ERROR;
				GCC_WARN_UNDECLARED_SELECTOR = YES;
				GCC_WARN_UNINITIALIZED_AUTOS = YES_AGGRESSIVE;
				GCC_WARN_UNUSED_FUNCTION = YES;
				GCC_WARN_UNUSED_VARIABLE = YES;
				IPHONEOS_DEPLOYMENT_TARGET = 11.3;
				MTL_ENABLE_DEBUG_INFO = NO;
				SDKROOT = iphoneos;
				SWIFT_COMPILATION_MODE = wholemodule;
				SWIFT_OPTIMIZATION_LEVEL = "-O";
				VALIDATE_PRODUCT = YES;
			};
			name = Release;
		};
		59871DEE206DD51C00E91E1A /* Debug */ = {
			isa = XCBuildConfiguration;
			baseConfigurationReference = D10264418C2DB89BFF9C57A7 /* Pods-FlashCardPro.debug.xcconfig */;
			buildSettings = {
				ASSETCATALOG_COMPILER_APPICON_NAME = AppIcon;
				CODE_SIGN_STYLE = Automatic;
				DEVELOPMENT_TEAM = GL34LYNV2E;
				INFOPLIST_FILE = FlashCardPro/Info.plist;
				LD_RUNPATH_SEARCH_PATHS = (
					"$(inherited)",
					"@executable_path/Frameworks",
				);
				PRODUCT_BUNDLE_IDENTIFIER = com.JoseMelendez.FlashCardPro;
				PRODUCT_NAME = "$(TARGET_NAME)";
				SWIFT_VERSION = 4.0;
				TARGETED_DEVICE_FAMILY = 1;
			};
			name = Debug;
		};
		59871DEF206DD51C00E91E1A /* Release */ = {
			isa = XCBuildConfiguration;
			baseConfigurationReference = 8F71783717816F51C9E65D91 /* Pods-FlashCardPro.release.xcconfig */;
			buildSettings = {
				ASSETCATALOG_COMPILER_APPICON_NAME = AppIcon;
				CODE_SIGN_STYLE = Automatic;
				DEVELOPMENT_TEAM = GL34LYNV2E;
				INFOPLIST_FILE = FlashCardPro/Info.plist;
				LD_RUNPATH_SEARCH_PATHS = (
					"$(inherited)",
					"@executable_path/Frameworks",
				);
				PRODUCT_BUNDLE_IDENTIFIER = com.JoseMelendez.FlashCardPro;
				PRODUCT_NAME = "$(TARGET_NAME)";
				SWIFT_VERSION = 4.0;
				TARGETED_DEVICE_FAMILY = 1;
			};
			name = Release;
		};
		59871DF1206DD51C00E91E1A /* Debug */ = {
			isa = XCBuildConfiguration;
			baseConfigurationReference = FC24575811C69ED736560B68 /* Pods-FlashCardProTests.debug.xcconfig */;
			buildSettings = {
				ALWAYS_EMBED_SWIFT_STANDARD_LIBRARIES = YES;
				BUNDLE_LOADER = "$(TEST_HOST)";
				CODE_SIGN_STYLE = Automatic;
				DEVELOPMENT_TEAM = GL34LYNV2E;
				INFOPLIST_FILE = FlashCardProTests/Info.plist;
				LD_RUNPATH_SEARCH_PATHS = (
					"$(inherited)",
					"@executable_path/Frameworks",
					"@loader_path/Frameworks",
				);
				PRODUCT_BUNDLE_IDENTIFIER = com.JoseMelendez.FlashCardProTests;
				PRODUCT_NAME = "$(TARGET_NAME)";
				SWIFT_VERSION = 4.0;
				TARGETED_DEVICE_FAMILY = "1,2";
				TEST_HOST = "$(BUILT_PRODUCTS_DIR)/FlashCardPro.app/FlashCardPro";
			};
			name = Debug;
		};
		59871DF2206DD51C00E91E1A /* Release */ = {
			isa = XCBuildConfiguration;
			baseConfigurationReference = 5B203CCE9868BE61426125D3 /* Pods-FlashCardProTests.release.xcconfig */;
			buildSettings = {
				ALWAYS_EMBED_SWIFT_STANDARD_LIBRARIES = YES;
				BUNDLE_LOADER = "$(TEST_HOST)";
				CODE_SIGN_STYLE = Automatic;
				DEVELOPMENT_TEAM = GL34LYNV2E;
				INFOPLIST_FILE = FlashCardProTests/Info.plist;
				LD_RUNPATH_SEARCH_PATHS = (
					"$(inherited)",
					"@executable_path/Frameworks",
					"@loader_path/Frameworks",
				);
				PRODUCT_BUNDLE_IDENTIFIER = com.JoseMelendez.FlashCardProTests;
				PRODUCT_NAME = "$(TARGET_NAME)";
				SWIFT_VERSION = 4.0;
				TARGETED_DEVICE_FAMILY = "1,2";
				TEST_HOST = "$(BUILT_PRODUCTS_DIR)/FlashCardPro.app/FlashCardPro";
			};
			name = Release;
		};
/* End XCBuildConfiguration section */

/* Begin XCConfigurationList section */
		59871DCB206DD51C00E91E1A /* Build configuration list for PBXProject "FlashCardPro" */ = {
			isa = XCConfigurationList;
			buildConfigurations = (
				59871DEB206DD51C00E91E1A /* Debug */,
				59871DEC206DD51C00E91E1A /* Release */,
			);
			defaultConfigurationIsVisible = 0;
			defaultConfigurationName = Release;
		};
		59871DED206DD51C00E91E1A /* Build configuration list for PBXNativeTarget "FlashCardPro" */ = {
			isa = XCConfigurationList;
			buildConfigurations = (
				59871DEE206DD51C00E91E1A /* Debug */,
				59871DEF206DD51C00E91E1A /* Release */,
			);
			defaultConfigurationIsVisible = 0;
			defaultConfigurationName = Release;
		};
		59871DF0206DD51C00E91E1A /* Build configuration list for PBXNativeTarget "FlashCardProTests" */ = {
			isa = XCConfigurationList;
			buildConfigurations = (
				59871DF1206DD51C00E91E1A /* Debug */,
				59871DF2206DD51C00E91E1A /* Release */,
			);
			defaultConfigurationIsVisible = 0;
			defaultConfigurationName = Release;
		};
/* End XCConfigurationList section */
	};
	rootObject = 59871DC8206DD51C00E91E1A /* Project object */;
}
